// !$*UTF8*$!
{
	archiveVersion = 1;
	classes = {
	};
	objectVersion = 46;
	objects = {

/* Begin PBXBuildFile section */
		4D0876771D348B69006FC9BF /* YPhotoViewCell.m in Sources */ = {isa = PBXBuildFile; fileRef = 4D0876751D348B69006FC9BF /* YPhotoViewCell.m */; };
		4D0876781D348B69006FC9BF /* YPhotoViewCell.xib in Resources */ = {isa = PBXBuildFile; fileRef = 4D0876761D348B69006FC9BF /* YPhotoViewCell.xib */; };
		4D6331511D3393DC0022F099 /* main.m in Sources */ = {isa = PBXBuildFile; fileRef = 4D6331501D3393DC0022F099 /* main.m */; };
		4D6331541D3393DC0022F099 /* AppDelegate.m in Sources */ = {isa = PBXBuildFile; fileRef = 4D6331531D3393DC0022F099 /* AppDelegate.m */; };
		4D6331571D3393DC0022F099 /* ViewController.m in Sources */ = {isa = PBXBuildFile; fileRef = 4D6331561D3393DC0022F099 /* ViewController.m */; };
		4D63315A1D3393DC0022F099 /* Main.storyboard in Resources */ = {isa = PBXBuildFile; fileRef = 4D6331581D3393DC0022F099 /* Main.storyboard */; };
		4D63315C1D3393DC0022F099 /* Assets.xcassets in Resources */ = {isa = PBXBuildFile; fileRef = 4D63315B1D3393DC0022F099 /* Assets.xcassets */; };
		4D63315F1D3393DC0022F099 /* LaunchScreen.storyboard in Resources */ = {isa = PBXBuildFile; fileRef = 4D63315D1D3393DC0022F099 /* LaunchScreen.storyboard */; };
		4D6331681D339D380022F099 /* YLineLayout.m in Sources */ = {isa = PBXBuildFile; fileRef = 4D6331671D339D380022F099 /* YLineLayout.m */; };
		4D7C324E1D35DC4E0068DA77 /* YCircleLayout.m in Sources */ = {isa = PBXBuildFile; fileRef = 4D7C324D1D35DC4E0068DA77 /* YCircleLayout.m */; };
/* End PBXBuildFile section */

/* Begin PBXFileReference section */
		4D0876741D348B69006FC9BF /* YPhotoViewCell.h */ = {isa = PBXFileReference; fileEncoding = 4; lastKnownFileType = sourcecode.c.h; path = YPhotoViewCell.h; sourceTree = "<group>"; };
		4D0876751D348B69006FC9BF /* YPhotoViewCell.m */ = {isa = PBXFileReference; fileEncoding = 4; lastKnownFileType = sourcecode.c.objc; path = YPhotoViewCell.m; sourceTree = "<group>"; };
		4D0876761D348B69006FC9BF /* YPhotoViewCell.xib */ = {isa = PBXFileReference; fileEncoding = 4; lastKnownFileType = file.xib; path = YPhotoViewCell.xib; sourceTree = "<group>"; };
		4D63314C1D3393DC0022F099 /* 相册布局.app */ = {isa = PBXFileReference; explicitFileType = wrapper.application; includeInIndex = 0; path = "相册布局.app"; sourceTree = BUILT_PRODUCTS_DIR; };
		4D6331501D3393DC0022F099 /* main.m */ = {isa = PBXFileReference; lastKnownFileType = sourcecode.c.objc; path = main.m; sourceTree = "<group>"; };
		4D6331521D3393DC0022F099 /* AppDelegate.h */ = {isa = PBXFileReference; lastKnownFileType = sourcecode.c.h; path = AppDelegate.h; sourceTree = "<group>"; };
		4D6331531D3393DC0022F099 /* AppDelegate.m */ = {isa = PBXFileReference; lastKnownFileType = sourcecode.c.objc; path = AppDelegate.m; sourceTree = "<group>"; };
		4D6331551D3393DC0022F099 /* ViewController.h */ = {isa = PBXFileReference; lastKnownFileType = sourcecode.c.h; path = ViewController.h; sourceTree = "<group>"; };
		4D6331561D3393DC0022F099 /* ViewController.m */ = {isa = PBXFileReference; lastKnownFileType = sourcecode.c.objc; path = ViewController.m; sourceTree = "<group>"; };
		4D6331591D3393DC0022F099 /* Base */ = {isa = PBXFileReference; lastKnownFileType = file.storyboard; name = Base; path = Base.lproj/Main.storyboard; sourceTree = "<group>"; };
		4D63315B1D3393DC0022F099 /* Assets.xcassets */ = {isa = PBXFileReference; lastKnownFileType = folder.assetcatalog; path = Assets.xcassets; sourceTree = "<group>"; };
		4D63315E1D3393DC0022F099 /* Base */ = {isa = PBXFileReference; lastKnownFileType = file.storyboard; name = Base; path = Base.lproj/LaunchScreen.storyboard; sourceTree = "<group>"; };
		4D6331601D3393DC0022F099 /* Info.plist */ = {isa = PBXFileReference; lastKnownFileType = text.plist.xml; path = Info.plist; sourceTree = "<group>"; };
		4D6331661D339D380022F099 /* YLineLayout.h */ = {isa = PBXFileReference; fileEncoding = 4; lastKnownFileType = sourcecode.c.h; path = YLineLayout.h; sourceTree = "<group>"; };
		4D6331671D339D380022F099 /* YLineLayout.m */ = {isa = PBXFileReference; fileEncoding = 4; lastKnownFileType = sourcecode.c.objc; path = YLineLayout.m; sourceTree = "<group>"; };
		4D7C324C1D35DC4E0068DA77 /* YCircleLayout.h */ = {isa = PBXFileReference; fileEncoding = 4; lastKnownFileType = sourcecode.c.h; path = YCircleLayout.h; sourceTree = "<group>"; };
		4D7C324D1D35DC4E0068DA77 /* YCircleLayout.m */ = {isa = PBXFileReference; fileEncoding = 4; lastKnownFileType = sourcecode.c.objc; path = YCircleLayout.m; sourceTree = "<group>"; };
/* End PBXFileReference section */

/* Begin PBXFrameworksBuildPhase section */
		4D6331491D3393DC0022F099 /* Frameworks */ = {
			isa = PBXFrameworksBuildPhase;
			buildActionMask = 2147483647;
			files = (
			);
			runOnlyForDeploymentPostprocessing = 0;
		};
/* End PBXFrameworksBuildPhase section */

/* Begin PBXGroup section */
		4D6331431D3393DC0022F099 = {
			isa = PBXGroup;
			children = (
				4D63314E1D3393DC0022F099 /* 相册布局 */,
				4D63314D1D3393DC0022F099 /* Products */,
			);
			sourceTree = "<group>";
		};
		4D63314D1D3393DC0022F099 /* Products */ = {
			isa = PBXGroup;
			children = (
				4D63314C1D3393DC0022F099 /* 相册布局.app */,
			);
			name = Products;
			sourceTree = "<group>";
		};
		4D63314E1D3393DC0022F099 /* 相册布局 */ = {
			isa = PBXGroup;
			children = (
				4D6331661D339D380022F099 /* YLineLayout.h */,
				4D6331671D339D380022F099 /* YLineLayout.m */,
				4D7C324C1D35DC4E0068DA77 /* YCircleLayout.h */,
				4D7C324D1D35DC4E0068DA77 /* YCircleLayout.m */,
				4D0876741D348B69006FC9BF /* YPhotoViewCell.h */,
				4D0876751D348B69006FC9BF /* YPhotoViewCell.m */,
				4D0876761D348B69006FC9BF /* YPhotoViewCell.xib */,
				4D6331521D3393DC0022F099 /* AppDelegate.h */,
				4D6331531D3393DC0022F099 /* AppDelegate.m */,
				4D6331551D3393DC0022F099 /* ViewController.h */,
				4D6331561D3393DC0022F099 /* ViewController.m */,
				4D6331581D3393DC0022F099 /* Main.storyboard */,
				4D63315B1D3393DC0022F099 /* Assets.xcassets */,
				4D63315D1D3393DC0022F099 /* LaunchScreen.storyboard */,
				4D6331601D3393DC0022F099 /* Info.plist */,
				4D63314F1D3393DC0022F099 /* Supporting Files */,
			);
			path = "相册布局";
			sourceTree = "<group>";
		};
		4D63314F1D3393DC0022F099 /* Supporting Files */ = {
			isa = PBXGroup;
			children = (
				4D6331501D3393DC0022F099 /* main.m */,
			);
			name = "Supporting Files";
			sourceTree = "<group>";
		};
/* End PBXGroup section */

/* Begin PBXNativeTarget section */
		4D63314B1D3393DC0022F099 /* 相册布局 */ = {
			isa = PBXNativeTarget;
			buildConfigurationList = 4D6331631D3393DC0022F099 /* Build configuration list for PBXNativeTarget "相册布局" */;
			buildPhases = (
				4D6331481D3393DC0022F099 /* Sources */,
				4D6331491D3393DC0022F099 /* Frameworks */,
				4D63314A1D3393DC0022F099 /* Resources */,
			);
			buildRules = (
			);
			dependencies = (
			);
			name = "相册布局";
			productName = "相册布局";
			productReference = 4D63314C1D3393DC0022F099 /* 相册布局.app */;
			productType = "com.apple.product-type.application";
		};
/* End PBXNativeTarget section */

/* Begin PBXProject section */
		4D6331441D3393DC0022F099 /* Project object */ = {
			isa = PBXProject;
			attributes = {
				LastUpgradeCheck = 0730;
				ORGANIZATIONNAME = Style_Y;
				TargetAttributes = {
					4D63314B1D3393DC0022F099 = {
						CreatedOnToolsVersion = 7.3.1;
					};
				};
			};
			buildConfigurationList = 4D6331471D3393DC0022F099 /* Build configuration list for PBXProject "相册布局" */;
			compatibilityVersion = "Xcode 3.2";
			developmentRegion = English;
			hasScannedForEncodings = 0;
			knownRegions = (
				en,
				Base,
			);
			mainGroup = 4D6331431D3393DC0022F099;
			productRefGroup = 4D63314D1D3393DC0022F099 /* Products */;
			projectDirPath = "";
			projectRoot = "";
			targets = (
				4D63314B1D3393DC0022F099 /* 相册布局 */,
			);
		};
/* End PBXProject section */

/* Begin PBXResourcesBuildPhase section */
		4D63314A1D3393DC0022F099 /* Resources */ = {
			isa = PBXResourcesBuildPhase;
			buildActionMask = 2147483647;
			files = (
				4D63315F1D3393DC0022F099 /* LaunchScreen.storyboard in Resources */,
				4D0876781D348B69006FC9BF /* YPhotoViewCell.xib in Resources */,
				4D63315C1D3393DC0022F099 /* Assets.xcassets in Resources */,
				4D63315A1D3393DC0022F099 /* Main.storyboard in Resources */,
			);
			runOnlyForDeploymentPostprocessing = 0;
		};
/* End PBXResourcesBuildPhase section */

/* Begin PBXSourcesBuildPhase section */
		4D6331481D3393DC0022F099 /* Sources */ = {
			isa = PBXSourcesBuildPhase;
			buildActionMask = 2147483647;
			files = (
				4D6331571D3393DC0022F099 /* ViewController.m in Sources */,
				4D6331541D3393DC0022F099 /* AppDelegate.m in Sources */,
				4D6331511D3393DC0022F099 /* main.m in Sources */,
				4D0876771D348B69006FC9BF /* YPhotoViewCell.m in Sources */,
				4D6331681D339D380022F099 /* YLineLayout.m in Sources */,
				4D7C324E1D35DC4E0068DA77 /* YCircleLayout.m in Sources */,
			);
			runOnlyForDeploymentPostprocessing = 0;
		};
/* End PBXSourcesBuildPhase section */

/* Begin PBXVariantGroup section */
		4D6331581D3393DC0022F099 /* Main.storyboard */ = {
			isa = PBXVariantGroup;
			children = (
				4D6331591D3393DC0022F099 /* Base */,
			);
			name = Main.storyboard;
			sourceTree = "<group>";
		};
		4D63315D1D3393DC0022F099 /* LaunchScreen.storyboard */ = {
			isa = PBXVariantGroup;
			children = (
				4D63315E1D3393DC0022F099 /* Base */,
			);
			name = LaunchScreen.storyboard;
			sourceTree = "<group>";
		};
/* End PBXVariantGroup section */

/* Begin XCBuildConfiguration section */
		4D6331611D3393DC0022F099 /* Debug */ = {
			isa = XCBuildConfiguration;
			buildSettings = {
				ALWAYS_SEARCH_USER_PATHS = NO;
				CLANG_ANALYZER_NONNULL = YES;
				CLANG_CXX_LANGUAGE_STANDARD = "gnu++0x";
				CLANG_CXX_LIBRARY = "libc++";
				CLANG_ENABLE_MODULES = YES;
				CLANG_ENABLE_OBJC_ARC = YES;
				CLANG_WARN_BOOL_CONVERSION = YES;
				CLANG_WARN_CONSTANT_CONVERSION = YES;
				CLANG_WARN_DIRECT_OBJC_ISA_USAGE = YES_ERROR;
				CLANG_WARN_EMPTY_BODY = YES;
				CLANG_WARN_ENUM_CONVERSION = YES;
				CLANG_WARN_INT_CONVERSION = YES;
				CLANG_WARN_OBJC_ROOT_CLASS = YES_ERROR;
				CLANG_WARN_UNREACHABLE_CODE = YES;
				CLANG_WARN__DUPLICATE_METHOD_MATCH = YES;
				"CODE_SIGN_IDENTITY[sdk=iphoneos*]" = "iPhone Developer";
				COPY_PHASE_STRIP = NO;
				DEBUG_INFORMATION_FORMAT = dwarf;
				ENABLE_STRICT_OBJC_MSGSEND = YES;
				ENABLE_TESTABILITY = YES;
				GCC_C_LANGUAGE_STANDARD = gnu99;
				GCC_DYNAMIC_NO_PIC = NO;
				GCC_NO_COMMON_BLOCKS = YES;
				GCC_OPTIMIZATION_LEVEL = 0;
				GCC_PREPROCESSOR_DEFINITIONS = (
					"DEBUG=1",
					"$(inherited)",
				);
				GCC_WARN_64_TO_32_BIT_CONVERSION = YES;
				GCC_WARN_ABOUT_RETURN_TYPE = YES_ERROR;
				GCC_WARN_UNDECLARED_SELECTOR = YES;
				GCC_WARN_UNINITIALIZED_AUTOS = YES_AGGRESSIVE;
				GCC_WARN_UNUSED_FUNCTION = YES;
				GCC_WARN_UNUSED_VARIABLE = YES;
				IPHONEOS_DEPLOYMENT_TARGET = 9.3;
				MTL_ENABLE_DEBUG_INFO = YES;
				ONLY_ACTIVE_ARCH = YES;
				SDKROOT = iphoneos;
			};
			name = Debug;
		};
		4D6331621D3393DC0022F099 /* Release */ = {
			isa = XCBuildConfiguration;
			buildSettings = {
				ALWAYS_SEARCH_USER_PATHS = NO;
				CLANG_ANALYZER_NONNULL = YES;
				CLANG_CXX_LANGUAGE_STANDARD = "gnu++0x";
				CLANG_CXX_LIBRARY = "libc++";
				CLANG_ENABLE_MODULES = YES;
				CLANG_ENABLE_OBJC_ARC = YES;
				CLANG_WARN_BOOL_CONVERSION = YES;
				CLANG_WARN_CONSTANT_CONVERSION = YES;
				CLANG_WARN_DIRECT_OBJC_ISA_USAGE = YES_ERROR;
				CLANG_WARN_EMPTY_BODY = YES;
				CLANG_WARN_ENUM_CONVERSION = YES;
				CLANG_WARN_INT_CONVERSION = YES;
				CLANG_WARN_OBJC_ROOT_CLASS = YES_ERROR;
				CLANG_WARN_UNREACHABLE_CODE = YES;
				CLANG_WARN__DUPLICATE_METHOD_MATCH = YES;
				"CODE_SIGN_IDENTITY[sdk=iphoneos*]" = "iPhone Developer";
				COPY_PHASE_STRIP = NO;
				DEBUG_INFORMATION_FORMAT = "dwarf-with-dsym";
				ENABLE_NS_ASSERTIONS = NO;
				ENABLE_STRICT_OBJC_MSGSEND = YES;
				GCC_C_LANGUAGE_STANDARD = gnu99;
				GCC_NO_COMMON_BLOCKS = YES;
				GCC_WARN_64_TO_32_BIT_CONVERSION = YES;
				GCC_WARN_ABOUT_RETURN_TYPE = YES_ERROR;
				GCC_WARN_UNDECLARED_SELECTOR = YES;
				GCC_WARN_UNINITIALIZED_AUTOS = YES_AGGRESSIVE;
				GCC_WARN_UNUSED_FUNCTION = YES;
				GCC_WARN_UNUSED_VARIABLE = YES;
				IPHONEOS_DEPLOYMENT_TARGET = 9.3;
				MTL_ENABLE_DEBUG_INFO = NO;
				SDKROOT = iphoneos;
				VALIDATE_PRODUCT = YES;
			};
			name = Release;
		};
		4D6331641D3393DC0022F099 /* Debug */ = {
			isa = XCBuildConfiguration;
			buildSettings = {
				ASSETCATALOG_COMPILER_APPICON_NAME = AppIcon;
				INFOPLIST_FILE = "相册布局/Info.plist";
				IPHONEOS_DEPLOYMENT_TARGET = 9.0;
				LD_RUNPATH_SEARCH_PATHS = "$(inherited) @executable_path/Frameworks";
				PRODUCT_BUNDLE_IDENTIFIER = "com.wyw.----";
				PRODUCT_NAME = "$(TARGET_NAME)";
			};
			name = Debug;
		};
		4D6331651D3393DC0022F099 /* Release */ = {
			isa = XCBuildConfiguration;
			buildSettings = {
				ASSETCATALOG_COMPILER_APPICON_NAME = AppIcon;
				INFOPLIST_FILE = "相册布局/Info.plist";
				IPHONEOS_DEPLOYMENT_TARGET = 9.0;
				LD_RUNPATH_SEARCH_PATHS = "$(inherited) @executable_path/Frameworks";
				PRODUCT_BUNDLE_IDENTIFIER = "com.wyw.----";
				PRODUCT_NAME = "$(TARGET_NAME)";
			};
			name = Release;
		};
/* End XCBuildConfiguration section */

/* Begin XCConfigurationList section */
		4D6331471D3393DC0022F099 /* Build configuration list for PBXProject "相册布局" */ = {
			isa = XCConfigurationList;
			buildConfigurations = (
				4D6331611D3393DC0022F099 /* Debug */,
				4D6331621D3393DC0022F099 /* Release */,
			);
			defaultConfigurationIsVisible = 0;
			defaultConfigurationName = Release;
		};
		4D6331631D3393DC0022F099 /* Build configuration list for PBXNativeTarget "相册布局" */ = {
			isa = XCConfigurationList;
			buildConfigurations = (
				4D6331641D3393DC0022F099 /* Debug */,
				4D6331651D3393DC0022F099 /* Release */,
			);
			defaultConfigurationIsVisible = 0;
			defaultConfigurationName = Release;
		};
/* End XCConfigurationList section */
	};
	rootObject = 4D6331441D3393DC0022F099 /* Project object */;
}
